
Microsoft Visual Studio Solution File, Format Version 12.00
# Visual Studio Version 17
VisualStudioVersion = 17.8.34212.112
MinimumVisualStudioVersion = 10.0.40219.1
Project("{9A19103F-16F7-4668-BE54-9A1E7A4F7556}") = "UrlScraper", "UrlScraper\UrlScraper.csproj", "{CBA9C2CD-7415-489F-942F-DFBD285932CC}"
EndProject
Global
	GlobalSection(SolutionConfigurationPlatforms) = preSolution
		Debug|Any CPU = Debug|Any CPU
		Release|Any CPU = Release|Any CPU
	EndGlobalSection
	GlobalSection(ProjectConfigurationPlatforms) = postSolution
		{CBA9C2CD-7415-489F-942F-DFBD285932CC}.Debug|Any CPU.ActiveCfg = Debug|Any CPU
		{CBA9C2CD-7415-489F-942F-DFBD285932CC}.Debug|Any CPU.Build.0 = Debug|Any CPU
		{CBA9C2CD-7415-489F-942F-DFBD285932CC}.Release|Any CPU.ActiveCfg = Release|Any CPU
		{CBA9C2CD-7415-489F-942F-DFBD285932CC}.Release|Any CPU.Build.0 = Release|Any CPU
	EndGlobalSection
	GlobalSection(SolutionProperties) = preSolution
		HideSolutionNode = FALSE
	EndGlobalSection
	GlobalSection(ExtensibilityGlobals) = postSolution
		SolutionGuid = {64A29BA1-5159-4489-9768-8D75AC00BC79}
	EndGlobalSection
EndGlobal
